
Microsoft Visual Studio Solution File, Format Version 12.00
# Visual Studio Version 16
VisualStudioVersion = 16.0.31702.278
MinimumVisualStudioVersion = 10.0.40219.1
Project("{9A19103F-16F7-4668-BE54-9A1E7A4F7556}") = "VTY_PROJE", "VTY_PROJE\VTY_PROJE\VTY_PROJE.csproj", "{2BD16E9C-7BC1-4610-84B7-E11D5D894B3E}"
EndProject
Project("{9A19103F-16F7-4668-BE54-9A1E7A4F7556}") = "VTYS_PROJE.Business", "VTYS_PROJE.Business\VTYS_PROJE.Business\VTYS_PROJE.Business.csproj", "{42FE8D5B-6BFC-428A-AAE1-AB723507E54C}"
EndProject
Project("{9A19103F-16F7-4668-BE54-9A1E7A4F7556}") = "VTYS_PROJE.DAL", "VTYS_PROJE.DAL\VTYS_PROJE.DAL\VTYS_PROJE.DAL.csproj", "{1BEE1950-3D46-47C5-8F0D-2C3A934C23EF}"
EndProject
Project("{9A19103F-16F7-4668-BE54-9A1E7A4F7556}") = "VTYS_PROJE.Entities", "VTYS_PROJE.Entities\VTYS_PROJE.Entities\VTYS_PROJE.Entities.csproj", "{00A62AED-0A15-4D39-A59C-9FC5DC97EB0D}"
EndProject
Project("{9A19103F-16F7-4668-BE54-9A1E7A4F7556}") = "VTYS_PROJE.Core", "VTYS_PROJE.Core\VTYS_PROJE.Core.csproj", "{5252DAB9-9B2F-4431-8E4B-72C4BABC7CA1}"
EndProject
Project("{FAE04EC0-301F-11D3-BF4B-00C04F79EFBC}") = "Test_Form", "Test_Form\Test_Form\Test_Form.csproj", "{333621AC-E65E-4B05-822D-044E49CC1907}"
EndProject
Global
	GlobalSection(SolutionConfigurationPlatforms) = preSolution
		Debug|Any CPU = Debug|Any CPU
		Release|Any CPU = Release|Any CPU
	EndGlobalSection
	GlobalSection(ProjectConfigurationPlatforms) = postSolution
		{2BD16E9C-7BC1-4610-84B7-E11D5D894B3E}.Debug|Any CPU.ActiveCfg = Debug|Any CPU
		{2BD16E9C-7BC1-4610-84B7-E11D5D894B3E}.Debug|Any CPU.Build.0 = Debug|Any CPU
		{2BD16E9C-7BC1-4610-84B7-E11D5D894B3E}.Release|Any CPU.ActiveCfg = Release|Any CPU
		{2BD16E9C-7BC1-4610-84B7-E11D5D894B3E}.Release|Any CPU.Build.0 = Release|Any CPU
		{42FE8D5B-6BFC-428A-AAE1-AB723507E54C}.Debug|Any CPU.ActiveCfg = Debug|Any CPU
		{42FE8D5B-6BFC-428A-AAE1-AB723507E54C}.Debug|Any CPU.Build.0 = Debug|Any CPU
		{42FE8D5B-6BFC-428A-AAE1-AB723507E54C}.Release|Any CPU.ActiveCfg = Release|Any CPU
		{42FE8D5B-6BFC-428A-AAE1-AB723507E54C}.Release|Any CPU.Build.0 = Release|Any CPU
		{1BEE1950-3D46-47C5-8F0D-2C3A934C23EF}.Debug|Any CPU.ActiveCfg = Debug|Any CPU
		{1BEE1950-3D46-47C5-8F0D-2C3A934C23EF}.Debug|Any CPU.Build.0 = Debug|Any CPU
		{1BEE1950-3D46-47C5-8F0D-2C3A934C23EF}.Release|Any CPU.ActiveCfg = Release|Any CPU
		{1BEE1950-3D46-47C5-8F0D-2C3A934C23EF}.Release|Any CPU.Build.0 = Release|Any CPU
		{00A62AED-0A15-4D39-A59C-9FC5DC97EB0D}.Debug|Any CPU.ActiveCfg = Debug|Any CPU
		{00A62AED-0A15-4D39-A59C-9FC5DC97EB0D}.Debug|Any CPU.Build.0 = Debug|Any CPU
		{00A62AED-0A15-4D39-A59C-9FC5DC97EB0D}.Release|Any CPU.ActiveCfg = Release|Any CPU
		{00A62AED-0A15-4D39-A59C-9FC5DC97EB0D}.Release|Any CPU.Build.0 = Release|Any CPU
		{5252DAB9-9B2F-4431-8E4B-72C4BABC7CA1}.Debug|Any CPU.ActiveCfg = Debug|Any CPU
		{5252DAB9-9B2F-4431-8E4B-72C4BABC7CA1}.Debug|Any CPU.Build.0 = Debug|Any CPU
		{5252DAB9-9B2F-4431-8E4B-72C4BABC7CA1}.Release|Any CPU.ActiveCfg = Release|Any CPU
		{5252DAB9-9B2F-4431-8E4B-72C4BABC7CA1}.Release|Any CPU.Build.0 = Release|Any CPU
		{333621AC-E65E-4B05-822D-044E49CC1907}.Debug|Any CPU.ActiveCfg = Debug|Any CPU
		{333621AC-E65E-4B05-822D-044E49CC1907}.Debug|Any CPU.Build.0 = Debug|Any CPU
		{333621AC-E65E-4B05-822D-044E49CC1907}.Release|Any CPU.ActiveCfg = Release|Any CPU
		{333621AC-E65E-4B05-822D-044E49CC1907}.Release|Any CPU.Build.0 = Release|Any CPU
	EndGlobalSection
	GlobalSection(SolutionProperties) = preSolution
		HideSolutionNode = FALSE
	EndGlobalSection
	GlobalSection(ExtensibilityGlobals) = postSolution
		SolutionGuid = {62AD4BC4-FF09-4262-8001-8E785823B602}
	EndGlobalSection
EndGlobal
